
Microsoft Visual Studio Solution File, Format Version 12.00
# Visual Studio 15
VisualStudioVersion = 15.0.28307.489
MinimumVisualStudioVersion = 10.0.40219.1
Project("{9A19103F-16F7-4668-BE54-9A1E7A4F7556}") = "JSON-NumberValidation", "JSON-NumberValidation\JSON-NumberValidation.csproj", "{46AE4AA6-F0EF-4868-ABD3-805623B26BB6}"
EndProject
Project("{FAE04EC0-301F-11D3-BF4B-00C04F79EFBC}") = "NumberValidation.Tests", "NumberValidation.Tests\NumberValidation.Tests.csproj", "{136BBF5D-82BD-482A-8C8C-24D745C6AF4D}"
EndProject
Global
	GlobalSection(SolutionConfigurationPlatforms) = preSolution
		Debug|Any CPU = Debug|Any CPU
		Release|Any CPU = Release|Any CPU
	EndGlobalSection
	GlobalSection(ProjectConfigurationPlatforms) = postSolution
		{46AE4AA6-F0EF-4868-ABD3-805623B26BB6}.Debug|Any CPU.ActiveCfg = Debug|Any CPU
		{46AE4AA6-F0EF-4868-ABD3-805623B26BB6}.Debug|Any CPU.Build.0 = Debug|Any CPU
		{46AE4AA6-F0EF-4868-ABD3-805623B26BB6}.Release|Any CPU.ActiveCfg = Release|Any CPU
		{46AE4AA6-F0EF-4868-ABD3-805623B26BB6}.Release|Any CPU.Build.0 = Release|Any CPU
		{136BBF5D-82BD-482A-8C8C-24D745C6AF4D}.Debug|Any CPU.ActiveCfg = Debug|Any CPU
		{136BBF5D-82BD-482A-8C8C-24D745C6AF4D}.Debug|Any CPU.Build.0 = Debug|Any CPU
		{136BBF5D-82BD-482A-8C8C-24D745C6AF4D}.Release|Any CPU.ActiveCfg = Release|Any CPU
		{136BBF5D-82BD-482A-8C8C-24D745C6AF4D}.Release|Any CPU.Build.0 = Release|Any CPU
	EndGlobalSection
	GlobalSection(SolutionProperties) = preSolution
		HideSolutionNode = FALSE
	EndGlobalSection
	GlobalSection(ExtensibilityGlobals) = postSolution
		SolutionGuid = {C2ADB5DA-4174-410F-8C17-9276FBD9E3CB}
	EndGlobalSection
EndGlobal
